// !$*UTF8*$!
{
	archiveVersion = 1;
	classes = {
	};
	objectVersion = 46;
	objects = {

/* Begin PBXBuildFile section */
		292B87EF1C2A3BB100D8DE44 /* TYGridPassWordNode.m in Sources */ = {isa = PBXBuildFile; fileRef = 292B87EE1C2A3BB100D8DE44 /* TYGridPassWordNode.m */; };
		292B87F21C2A403900D8DE44 /* UIColor+RGB.m in Sources */ = {isa = PBXBuildFile; fileRef = 292B87F11C2A403900D8DE44 /* UIColor+RGB.m */; };
		292B87F51C2A479700D8DE44 /* TYGridPassWordLineView.m in Sources */ = {isa = PBXBuildFile; fileRef = 292B87F41C2A479700D8DE44 /* TYGridPassWordLineView.m */; };
		292B87F81C2A4CD400D8DE44 /* TYGridPassWordView.m in Sources */ = {isa = PBXBuildFile; fileRef = 292B87F71C2A4CD400D8DE44 /* TYGridPassWordView.m */; };
		297192411C27ED1200F681B6 /* main.m in Sources */ = {isa = PBXBuildFile; fileRef = 297192401C27ED1200F681B6 /* main.m */; };
		297192441C27ED1200F681B6 /* AppDelegate.m in Sources */ = {isa = PBXBuildFile; fileRef = 297192431C27ED1200F681B6 /* AppDelegate.m */; };
		297192471C27ED1200F681B6 /* ViewController.m in Sources */ = {isa = PBXBuildFile; fileRef = 297192461C27ED1200F681B6 /* ViewController.m */; };
		2971924A1C27ED1200F681B6 /* Main.storyboard in Resources */ = {isa = PBXBuildFile; fileRef = 297192481C27ED1200F681B6 /* Main.storyboard */; };
		2971924C1C27ED1200F681B6 /* Assets.xcassets in Resources */ = {isa = PBXBuildFile; fileRef = 2971924B1C27ED1200F681B6 /* Assets.xcassets */; };
		2971924F1C27ED1200F681B6 /* LaunchScreen.storyboard in Resources */ = {isa = PBXBuildFile; fileRef = 2971924D1C27ED1200F681B6 /* LaunchScreen.storyboard */; };
		29B7CE2D1C322C5F005FCFC3 /* TYGridPassWord.h in Headers */ = {isa = PBXBuildFile; fileRef = 29B7CE2C1C322C5F005FCFC3 /* TYGridPassWord.h */; settings = {ATTRIBUTES = (Public, ); }; };
/* End PBXBuildFile section */

/* Begin PBXFileReference section */
		292B87ED1C2A3BB100D8DE44 /* TYGridPassWordNode.h */ = {isa = PBXFileReference; fileEncoding = 4; lastKnownFileType = sourcecode.c.h; name = TYGridPassWordNode.h; path = ../TYGridPassWord/TYGridPassWordNode.h; sourceTree = "<group>"; };
		292B87EE1C2A3BB100D8DE44 /* TYGridPassWordNode.m */ = {isa = PBXFileReference; fileEncoding = 4; lastKnownFileType = sourcecode.c.objc; name = TYGridPassWordNode.m; path = ../TYGridPassWord/TYGridPassWordNode.m; sourceTree = "<group>"; };
		292B87F01C2A403900D8DE44 /* UIColor+RGB.h */ = {isa = PBXFileReference; fileEncoding = 4; lastKnownFileType = sourcecode.c.h; name = "UIColor+RGB.h"; path = "../TYGridPassWord/UIColor+RGB.h"; sourceTree = "<group>"; };
		292B87F11C2A403900D8DE44 /* UIColor+RGB.m */ = {isa = PBXFileReference; fileEncoding = 4; lastKnownFileType = sourcecode.c.objc; name = "UIColor+RGB.m"; path = "../TYGridPassWord/UIColor+RGB.m"; sourceTree = "<group>"; };
		292B87F31C2A479700D8DE44 /* TYGridPassWordLineView.h */ = {isa = PBXFileReference; fileEncoding = 4; lastKnownFileType = sourcecode.c.h; name = TYGridPassWordLineView.h; path = ../TYGridPassWord/TYGridPassWordLineView.h; sourceTree = "<group>"; };
		292B87F41C2A479700D8DE44 /* TYGridPassWordLineView.m */ = {isa = PBXFileReference; fileEncoding = 4; lastKnownFileType = sourcecode.c.objc; name = TYGridPassWordLineView.m; path = ../TYGridPassWord/TYGridPassWordLineView.m; sourceTree = "<group>"; };
		292B87F61C2A4CD400D8DE44 /* TYGridPassWordView.h */ = {isa = PBXFileReference; fileEncoding = 4; lastKnownFileType = sourcecode.c.h; name = TYGridPassWordView.h; path = ../TYGridPassWord/TYGridPassWordView.h; sourceTree = "<group>"; };
		292B87F71C2A4CD400D8DE44 /* TYGridPassWordView.m */ = {isa = PBXFileReference; fileEncoding = 4; lastKnownFileType = sourcecode.c.objc; name = TYGridPassWordView.m; path = ../TYGridPassWord/TYGridPassWordView.m; sourceTree = "<group>"; };
		2971923C1C27ED1200F681B6 /* TYGridPassWordDemo.app */ = {isa = PBXFileReference; explicitFileType = wrapper.application; includeInIndex = 0; path = TYGridPassWordDemo.app; sourceTree = BUILT_PRODUCTS_DIR; };
		297192401C27ED1200F681B6 /* main.m */ = {isa = PBXFileReference; lastKnownFileType = sourcecode.c.objc; path = main.m; sourceTree = "<group>"; };
		297192421C27ED1200F681B6 /* AppDelegate.h */ = {isa = PBXFileReference; lastKnownFileType = sourcecode.c.h; path = AppDelegate.h; sourceTree = "<group>"; };
		297192431C27ED1200F681B6 /* AppDelegate.m */ = {isa = PBXFileReference; lastKnownFileType = sourcecode.c.objc; path = AppDelegate.m; sourceTree = "<group>"; };
		297192451C27ED1200F681B6 /* ViewController.h */ = {isa = PBXFileReference; lastKnownFileType = sourcecode.c.h; path = ViewController.h; sourceTree = "<group>"; };
		297192461C27ED1200F681B6 /* ViewController.m */ = {isa = PBXFileReference; lastKnownFileType = sourcecode.c.objc; path = ViewController.m; sourceTree = "<group>"; };
		297192491C27ED1200F681B6 /* Base */ = {isa = PBXFileReference; lastKnownFileType = file.storyboard; name = Base; path = Base.lproj/Main.storyboard; sourceTree = "<group>"; };
		2971924B1C27ED1200F681B6 /* Assets.xcassets */ = {isa = PBXFileReference; lastKnownFileType = folder.assetcatalog; path = Assets.xcassets; sourceTree = "<group>"; };
		2971924E1C27ED1200F681B6 /* Base */ = {isa = PBXFileReference; lastKnownFileType = file.storyboard; name = Base; path = Base.lproj/LaunchScreen.storyboard; sourceTree = "<group>"; };
		297192501C27ED1200F681B6 /* Info.plist */ = {isa = PBXFileReference; lastKnownFileType = text.plist.xml; path = Info.plist; sourceTree = "<group>"; };
		29B7CE2A1C322C5F005FCFC3 /* TYGridPassWord.framework */ = {isa = PBXFileReference; explicitFileType = wrapper.framework; includeInIndex = 0; path = TYGridPassWord.framework; sourceTree = BUILT_PRODUCTS_DIR; };
		29B7CE2C1C322C5F005FCFC3 /* TYGridPassWord.h */ = {isa = PBXFileReference; lastKnownFileType = sourcecode.c.h; path = TYGridPassWord.h; sourceTree = "<group>"; };
		29B7CE2E1C322C5F005FCFC3 /* Info.plist */ = {isa = PBXFileReference; lastKnownFileType = text.plist.xml; path = Info.plist; sourceTree = "<group>"; };
/* End PBXFileReference section */

/* Begin PBXFrameworksBuildPhase section */
		297192391C27ED1200F681B6 /* Frameworks */ = {
			isa = PBXFrameworksBuildPhase;
			buildActionMask = 2147483647;
			files = (
			);
			runOnlyForDeploymentPostprocessing = 0;
		};
		29B7CE261C322C5F005FCFC3 /* Frameworks */ = {
			isa = PBXFrameworksBuildPhase;
			buildActionMask = 2147483647;
			files = (
			);
			runOnlyForDeploymentPostprocessing = 0;
		};
/* End PBXFrameworksBuildPhase section */

/* Begin PBXGroup section */
		297192331C27ED1200F681B6 = {
			isa = PBXGroup;
			children = (
				297192561C27ED1C00F681B6 /* TYGridPassWord */,
				2971923E1C27ED1200F681B6 /* TYGridPassWordDemo */,
				29B7CE2B1C322C5F005FCFC3 /* TYGridPassWord */,
				2971923D1C27ED1200F681B6 /* Products */,
			);
			sourceTree = "<group>";
		};
		2971923D1C27ED1200F681B6 /* Products */ = {
			isa = PBXGroup;
			children = (
				2971923C1C27ED1200F681B6 /* TYGridPassWordDemo.app */,
				29B7CE2A1C322C5F005FCFC3 /* TYGridPassWord.framework */,
			);
			name = Products;
			sourceTree = "<group>";
		};
		2971923E1C27ED1200F681B6 /* TYGridPassWordDemo */ = {
			isa = PBXGroup;
			children = (
				297192421C27ED1200F681B6 /* AppDelegate.h */,
				297192431C27ED1200F681B6 /* AppDelegate.m */,
				297192451C27ED1200F681B6 /* ViewController.h */,
				297192461C27ED1200F681B6 /* ViewController.m */,
				297192481C27ED1200F681B6 /* Main.storyboard */,
				2971924B1C27ED1200F681B6 /* Assets.xcassets */,
				2971924D1C27ED1200F681B6 /* LaunchScreen.storyboard */,
				297192501C27ED1200F681B6 /* Info.plist */,
				2971923F1C27ED1200F681B6 /* Supporting Files */,
			);
			path = TYGridPassWordDemo;
			sourceTree = "<group>";
		};
		2971923F1C27ED1200F681B6 /* Supporting Files */ = {
			isa = PBXGroup;
			children = (
				297192401C27ED1200F681B6 /* main.m */,
			);
			name = "Supporting Files";
			sourceTree = "<group>";
		};
		297192561C27ED1C00F681B6 /* TYGridPassWord */ = {
			isa = PBXGroup;
			children = (
				292B87ED1C2A3BB100D8DE44 /* TYGridPassWordNode.h */,
				292B87EE1C2A3BB100D8DE44 /* TYGridPassWordNode.m */,
				292B87F31C2A479700D8DE44 /* TYGridPassWordLineView.h */,
				292B87F41C2A479700D8DE44 /* TYGridPassWordLineView.m */,
				292B87F61C2A4CD400D8DE44 /* TYGridPassWordView.h */,
				292B87F71C2A4CD400D8DE44 /* TYGridPassWordView.m */,
				292B87F01C2A403900D8DE44 /* UIColor+RGB.h */,
				292B87F11C2A403900D8DE44 /* UIColor+RGB.m */,
			);
			name = TYGridPassWord;
			sourceTree = "<group>";
		};
		29B7CE2B1C322C5F005FCFC3 /* TYGridPassWord */ = {
			isa = PBXGroup;
			children = (
				29B7CE2C1C322C5F005FCFC3 /* TYGridPassWord.h */,
				29B7CE2E1C322C5F005FCFC3 /* Info.plist */,
			);
			path = TYGridPassWord;
			sourceTree = "<group>";
		};
/* End PBXGroup section */

/* Begin PBXHeadersBuildPhase section */
		29B7CE271C322C5F005FCFC3 /* Headers */ = {
			isa = PBXHeadersBuildPhase;
			buildActionMask = 2147483647;
			files = (
				29B7CE2D1C322C5F005FCFC3 /* TYGridPassWord.h in Headers */,
			);
			runOnlyForDeploymentPostprocessing = 0;
		};
/* End PBXHeadersBuildPhase section */

/* Begin PBXNativeTarget section */
		2971923B1C27ED1200F681B6 /* TYGridPassWordDemo */ = {
			isa = PBXNativeTarget;
			buildConfigurationList = 297192531C27ED1200F681B6 /* Build configuration list for PBXNativeTarget "TYGridPassWordDemo" */;
			buildPhases = (
				297192381C27ED1200F681B6 /* Sources */,
				297192391C27ED1200F681B6 /* Frameworks */,
				2971923A1C27ED1200F681B6 /* Resources */,
			);
			buildRules = (
			);
			dependencies = (
			);
			name = TYGridPassWordDemo;
			productName = TYGridPassWordDemo;
			productReference = 2971923C1C27ED1200F681B6 /* TYGridPassWordDemo.app */;
			productType = "com.apple.product-type.application";
		};
		29B7CE291C322C5F005FCFC3 /* TYGridPassWord */ = {
			isa = PBXNativeTarget;
			buildConfigurationList = 29B7CE311C322C5F005FCFC3 /* Build configuration list for PBXNativeTarget "TYGridPassWord" */;
			buildPhases = (
				29B7CE251C322C5F005FCFC3 /* Sources */,
				29B7CE261C322C5F005FCFC3 /* Frameworks */,
				29B7CE271C322C5F005FCFC3 /* Headers */,
				29B7CE281C322C5F005FCFC3 /* Resources */,
			);
			buildRules = (
			);
			dependencies = (
			);
			name = TYGridPassWord;
			productName = TYGridPassWord;
			productReference = 29B7CE2A1C322C5F005FCFC3 /* TYGridPassWord.framework */;
			productType = "com.apple.product-type.framework";
		};
/* End PBXNativeTarget section */

/* Begin PBXProject section */
		297192341C27ED1200F681B6 /* Project object */ = {
			isa = PBXProject;
			attributes = {
				LastUpgradeCheck = 0720;
				ORGANIZATIONNAME = tinyxx;
				TargetAttributes = {
					2971923B1C27ED1200F681B6 = {
						CreatedOnToolsVersion = 7.2;
					};
					29B7CE291C322C5F005FCFC3 = {
						CreatedOnToolsVersion = 7.2;
					};
				};
			};
			buildConfigurationList = 297192371C27ED1200F681B6 /* Build configuration list for PBXProject "TYGridPassWordDemo" */;
			compatibilityVersion = "Xcode 3.2";
			developmentRegion = English;
			hasScannedForEncodings = 0;
			knownRegions = (
				en,
				Base,
			);
			mainGroup = 297192331C27ED1200F681B6;
			productRefGroup = 2971923D1C27ED1200F681B6 /* Products */;
			projectDirPath = "";
			projectRoot = "";
			targets = (
				2971923B1C27ED1200F681B6 /* TYGridPassWordDemo */,
				29B7CE291C322C5F005FCFC3 /* TYGridPassWord */,
			);
		};
/* End PBXProject section */

/* Begin PBXResourcesBuildPhase section */
		2971923A1C27ED1200F681B6 /* Resources */ = {
			isa = PBXResourcesBuildPhase;
			buildActionMask = 2147483647;
			files = (
				2971924F1C27ED1200F681B6 /* LaunchScreen.storyboard in Resources */,
				2971924C1C27ED1200F681B6 /* Assets.xcassets in Resources */,
				2971924A1C27ED1200F681B6 /* Main.storyboard in Resources */,
			);
			runOnlyForDeploymentPostprocessing = 0;
		};
		29B7CE281C322C5F005FCFC3 /* Resources */ = {
			isa = PBXResourcesBuildPhase;
			buildActionMask = 2147483647;
			files = (
			);
			runOnlyForDeploymentPostprocessing = 0;
		};
/* End PBXResourcesBuildPhase section */

/* Begin PBXSourcesBuildPhase section */
		297192381C27ED1200F681B6 /* Sources */ = {
			isa = PBXSourcesBuildPhase;
			buildActionMask = 2147483647;
			files = (
				292B87EF1C2A3BB100D8DE44 /* TYGridPassWordNode.m in Sources */,
				297192471C27ED1200F681B6 /* ViewController.m in Sources */,
				297192441C27ED1200F681B6 /* AppDelegate.m in Sources */,
				292B87F21C2A403900D8DE44 /* UIColor+RGB.m in Sources */,
				297192411C27ED1200F681B6 /* main.m in Sources */,
				292B87F51C2A479700D8DE44 /* TYGridPassWordLineView.m in Sources */,
				292B87F81C2A4CD400D8DE44 /* TYGridPassWordView.m in Sources */,
			);
			runOnlyForDeploymentPostprocessing = 0;
		};
		29B7CE251C322C5F005FCFC3 /* Sources */ = {
			isa = PBXSourcesBuildPhase;
			buildActionMask = 2147483647;
			files = (
			);
			runOnlyForDeploymentPostprocessing = 0;
		};
/* End PBXSourcesBuildPhase section */

/* Begin PBXVariantGroup section */
		297192481C27ED1200F681B6 /* Main.storyboard */ = {
			isa = PBXVariantGroup;
			children = (
				297192491C27ED1200F681B6 /* Base */,
			);
			name = Main.storyboard;
			sourceTree = "<group>";
		};
		2971924D1C27ED1200F681B6 /* LaunchScreen.storyboard */ = {
			isa = PBXVariantGroup;
			children = (
				2971924E1C27ED1200F681B6 /* Base */,
			);
			name = LaunchScreen.storyboard;
			sourceTree = "<group>";
		};
/* End PBXVariantGroup section */

/* Begin XCBuildConfiguration section */
		297192511C27ED1200F681B6 /* Debug */ = {
			isa = XCBuildConfiguration;
			buildSettings = {
				ALWAYS_SEARCH_USER_PATHS = NO;
				CLANG_CXX_LANGUAGE_STANDARD = "gnu++0x";
				CLANG_CXX_LIBRARY = "libc++";
				CLANG_ENABLE_MODULES = YES;
				CLANG_ENABLE_OBJC_ARC = YES;
				CLANG_WARN_BOOL_CONVERSION = YES;
				CLANG_WARN_CONSTANT_CONVERSION = YES;
				CLANG_WARN_DIRECT_OBJC_ISA_USAGE = YES_ERROR;
				CLANG_WARN_EMPTY_BODY = YES;
				CLANG_WARN_ENUM_CONVERSION = YES;
				CLANG_WARN_INT_CONVERSION = YES;
				CLANG_WARN_OBJC_ROOT_CLASS = YES_ERROR;
				CLANG_WARN_UNREACHABLE_CODE = YES;
				CLANG_WARN__DUPLICATE_METHOD_MATCH = YES;
				"CODE_SIGN_IDENTITY[sdk=iphoneos*]" = "iPhone Developer";
				COPY_PHASE_STRIP = NO;
				DEBUG_INFORMATION_FORMAT = dwarf;
				ENABLE_STRICT_OBJC_MSGSEND = YES;
				ENABLE_TESTABILITY = YES;
				GCC_C_LANGUAGE_STANDARD = gnu99;
				GCC_DYNAMIC_NO_PIC = NO;
				GCC_NO_COMMON_BLOCKS = YES;
				GCC_OPTIMIZATION_LEVEL = 0;
				GCC_PREPROCESSOR_DEFINITIONS = (
					"DEBUG=1",
					"$(inherited)",
				);
				GCC_WARN_64_TO_32_BIT_CONVERSION = YES;
				GCC_WARN_ABOUT_RETURN_TYPE = YES_ERROR;
				GCC_WARN_UNDECLARED_SELECTOR = YES;
				GCC_WARN_UNINITIALIZED_AUTOS = YES_AGGRESSIVE;
				GCC_WARN_UNUSED_FUNCTION = YES;
				GCC_WARN_UNUSED_VARIABLE = YES;
				IPHONEOS_DEPLOYMENT_TARGET = 9.2;
				MTL_ENABLE_DEBUG_INFO = YES;
				ONLY_ACTIVE_ARCH = YES;
				SDKROOT = iphoneos;
			};
			name = Debug;
		};
		297192521C27ED1200F681B6 /* Release */ = {
			isa = XCBuildConfiguration;
			buildSettings = {
				ALWAYS_SEARCH_USER_PATHS = NO;
				CLANG_CXX_LANGUAGE_STANDARD = "gnu++0x";
				CLANG_CXX_LIBRARY = "libc++";
				CLANG_ENABLE_MODULES = YES;
				CLANG_ENABLE_OBJC_ARC = YES;
				CLANG_WARN_BOOL_CONVERSION = YES;
				CLANG_WARN_CONSTANT_CONVERSION = YES;
				CLANG_WARN_DIRECT_OBJC_ISA_USAGE = YES_ERROR;
				CLANG_WARN_EMPTY_BODY = YES;
				CLANG_WARN_ENUM_CONVERSION = YES;
				CLANG_WARN_INT_CONVERSION = YES;
				CLANG_WARN_OBJC_ROOT_CLASS = YES_ERROR;
				CLANG_WARN_UNREACHABLE_CODE = YES;
				CLANG_WARN__DUPLICATE_METHOD_MATCH = YES;
				"CODE_SIGN_IDENTITY[sdk=iphoneos*]" = "iPhone Developer";
				COPY_PHASE_STRIP = NO;
				DEBUG_INFORMATION_FORMAT = "dwarf-with-dsym";
				ENABLE_NS_ASSERTIONS = NO;
				ENABLE_STRICT_OBJC_MSGSEND = YES;
				GCC_C_LANGUAGE_STANDARD = gnu99;
				GCC_NO_COMMON_BLOCKS = YES;
				GCC_WARN_64_TO_32_BIT_CONVERSION = YES;
				GCC_WARN_ABOUT_RETURN_TYPE = YES_ERROR;
				GCC_WARN_UNDECLARED_SELECTOR = YES;
				GCC_WARN_UNINITIALIZED_AUTOS = YES_AGGRESSIVE;
				GCC_WARN_UNUSED_FUNCTION = YES;
				GCC_WARN_UNUSED_VARIABLE = YES;
				IPHONEOS_DEPLOYMENT_TARGET = 9.2;
				MTL_ENABLE_DEBUG_INFO = NO;
				SDKROOT = iphoneos;
				VALIDATE_PRODUCT = YES;
			};
			name = Release;
		};
		297192541C27ED1200F681B6 /* Debug */ = {
			isa = XCBuildConfiguration;
			buildSettings = {
				ASSETCATALOG_COMPILER_APPICON_NAME = AppIcon;
				INFOPLIST_FILE = TYGridPassWordDemo/Info.plist;
				IPHONEOS_DEPLOYMENT_TARGET = 8.0;
				LD_RUNPATH_SEARCH_PATHS = "$(inherited) @executable_path/Frameworks";
				PRODUCT_BUNDLE_IDENTIFIER = com.tinyxx.TYGridPassWordDemo;
				PRODUCT_NAME = "$(TARGET_NAME)";
			};
			name = Debug;
		};
		297192551C27ED1200F681B6 /* Release */ = {
			isa = XCBuildConfiguration;
			buildSettings = {
				ASSETCATALOG_COMPILER_APPICON_NAME = AppIcon;
				INFOPLIST_FILE = TYGridPassWordDemo/Info.plist;
				IPHONEOS_DEPLOYMENT_TARGET = 8.0;
				LD_RUNPATH_SEARCH_PATHS = "$(inherited) @executable_path/Frameworks";
				PRODUCT_BUNDLE_IDENTIFIER = com.tinyxx.TYGridPassWordDemo;
				PRODUCT_NAME = "$(TARGET_NAME)";
			};
			name = Release;
		};
		29B7CE2F1C322C5F005FCFC3 /* Debug */ = {
			isa = XCBuildConfiguration;
			buildSettings = {
				CURRENT_PROJECT_VERSION = 1;
				DEFINES_MODULE = YES;
				DYLIB_COMPATIBILITY_VERSION = 1;
				DYLIB_CURRENT_VERSION = 1;
				DYLIB_INSTALL_NAME_BASE = "@rpath";
				INFOPLIST_FILE = TYGridPassWord/Info.plist;
				INSTALL_PATH = "$(LOCAL_LIBRARY_DIR)/Frameworks";
				IPHONEOS_DEPLOYMENT_TARGET = 8.0;
				LD_RUNPATH_SEARCH_PATHS = "$(inherited) @executable_path/Frameworks @loader_path/Frameworks";
				PRODUCT_BUNDLE_IDENTIFIER = com.tinyxx.TYGridPassWord;
				PRODUCT_NAME = "$(TARGET_NAME)";
				SKIP_INSTALL = YES;
				TARGETED_DEVICE_FAMILY = "1,2";
				VERSIONING_SYSTEM = "apple-generic";
				VERSION_INFO_PREFIX = "";
			};
			name = Debug;
		};
		29B7CE301C322C5F005FCFC3 /* Release */ = {
			isa = XCBuildConfiguration;
			buildSettings = {
				CURRENT_PROJECT_VERSION = 1;
				DEFINES_MODULE = YES;
				DYLIB_COMPATIBILITY_VERSION = 1;
				DYLIB_CURRENT_VERSION = 1;
				DYLIB_INSTALL_NAME_BASE = "@rpath";
				INFOPLIST_FILE = TYGridPassWord/Info.plist;
				INSTALL_PATH = "$(LOCAL_LIBRARY_DIR)/Frameworks";
				IPHONEOS_DEPLOYMENT_TARGET = 8.0;
				LD_RUNPATH_SEARCH_PATHS = "$(inherited) @executable_path/Frameworks @loader_path/Frameworks";
				PRODUCT_BUNDLE_IDENTIFIER = com.tinyxx.TYGridPassWord;
				PRODUCT_NAME = "$(TARGET_NAME)";
				SKIP_INSTALL = YES;
				TARGETED_DEVICE_FAMILY = "1,2";
				VERSIONING_SYSTEM = "apple-generic";
				VERSION_INFO_PREFIX = "";
			};
			name = Release;
		};
/* End XCBuildConfiguration section */

/* Begin XCConfigurationList section */
		297192371C27ED1200F681B6 /* Build configuration list for PBXProject "TYGridPassWordDemo" */ = {
			isa = XCConfigurationList;
			buildConfigurations = (
				297192511C27ED1200F681B6 /* Debug */,
				297192521C27ED1200F681B6 /* Release */,
			);
			defaultConfigurationIsVisible = 0;
			defaultConfigurationName = Release;
		};
		297192531C27ED1200F681B6 /* Build configuration list for PBXNativeTarget "TYGridPassWordDemo" */ = {
			isa = XCConfigurationList;
			buildConfigurations = (
				297192541C27ED1200F681B6 /* Debug */,
				297192551C27ED1200F681B6 /* Release */,
			);
			defaultConfigurationIsVisible = 0;
			defaultConfigurationName = Release;
		};
		29B7CE311C322C5F005FCFC3 /* Build configuration list for PBXNativeTarget "TYGridPassWord" */ = {
			isa = XCConfigurationList;
			buildConfigurations = (
				29B7CE2F1C322C5F005FCFC3 /* Debug */,
				29B7CE301C322C5F005FCFC3 /* Release */,
			);
			defaultConfigurationIsVisible = 0;
		};
/* End XCConfigurationList section */
	};
	rootObject = 297192341C27ED1200F681B6 /* Project object */;
}
